
Microsoft Visual Studio Solution File, Format Version 12.00
# Visual Studio Version 16
VisualStudioVersion = 16.0.30523.141
MinimumVisualStudioVersion = 10.0.40219.1
Project("{FAE04EC0-301F-11D3-BF4B-00C04F79EFBC}") = "WpfDemoGridStackPanel", "WpfDemoGridStackPanel\WpfDemoGridStackPanel.csproj", "{96038B05-725C-42D2-B902-8CE2CE7F2BA4}"
EndProject
Global
	GlobalSection(SolutionConfigurationPlatforms) = preSolution
		Debug|Any CPU = Debug|Any CPU
		Release|Any CPU = Release|Any CPU
	EndGlobalSection
	GlobalSection(ProjectConfigurationPlatforms) = postSolution
		{96038B05-725C-42D2-B902-8CE2CE7F2BA4}.Debug|Any CPU.ActiveCfg = Debug|Any CPU
		{96038B05-725C-42D2-B902-8CE2CE7F2BA4}.Debug|Any CPU.Build.0 = Debug|Any CPU
		{96038B05-725C-42D2-B902-8CE2CE7F2BA4}.Release|Any CPU.ActiveCfg = Release|Any CPU
		{96038B05-725C-42D2-B902-8CE2CE7F2BA4}.Release|Any CPU.Build.0 = Release|Any CPU
	EndGlobalSection
	GlobalSection(SolutionProperties) = preSolution
		HideSolutionNode = FALSE
	EndGlobalSection
	GlobalSection(ExtensibilityGlobals) = postSolution
		SolutionGuid = {CE915CEA-6CCB-4A0C-8E3C-06473B04FFD3}
	EndGlobalSection
EndGlobal
